PODS:
  - AFNetworking (3.1.0):
    - AFNetworking/NSURLSession (= 3.1.0)
    - AFNetworking/Reachability (= 3.1.0)
    - AFNetworking/Security (= 3.1.0)
    - AFNetworking/Serialization (= 3.1.0)
    - AFNetworking/UIKit (= 3.1.0)
  - AFNetworking/NSURLSession (3.1.0):
    - AFNetworking/Reachability
    - AFNetworking/Security
    - AFNetworking/Serialization
  - AFNetworking/Reachability (3.1.0)
  - AFNetworking/Security (3.1.0)
  - AFNetworking/Serialization (3.1.0)
  - AFNetworking/UIKit (3.1.0):
    - AFNetworking/NSURLSession
  - Stripe (10.1.0)

DEPENDENCIES:
  - AFNetworking (~> 3.1)
  - Stripe (~> 10.1.0)

SPEC CHECKSUMS:
  AFNetworking: 5e0e199f73d8626b11e79750991f5d173d1f8b67
  Stripe: 1c7aa951a075cced500a919d92b687b35d410705

PODFILE CHECKSUM: 0f057ff0ac7b1798023947b7248141576b8ad040

COCOAPODS: 1.2.1
